
Microsoft Visual Studio Solution File, Format Version 12.00
# Visual Studio Version 17
VisualStudioVersion = 17.6.33723.286
MinimumVisualStudioVersion = 10.0.40219.1
Project("{FAE04EC0-301F-11D3-BF4B-00C04F79EFBC}") = "Delegates", "Delegates\Delegates.csproj", "{CE497481-DC7F-4976-A8DF-29E59C49BC9F}"
EndProject
Global
	GlobalSection(SolutionConfigurationPlatforms) = preSolution
		Debug|Any CPU = Debug|Any CPU
		Release|Any CPU = Release|Any CPU
	EndGlobalSection
	GlobalSection(ProjectConfigurationPlatforms) = postSolution
		{CE497481-DC7F-4976-A8DF-29E59C49BC9F}.Debug|Any CPU.ActiveCfg = Debug|Any CPU
		{CE497481-DC7F-4976-A8DF-29E59C49BC9F}.Debug|Any CPU.Build.0 = Debug|Any CPU
		{CE497481-DC7F-4976-A8DF-29E59C49BC9F}.Release|Any CPU.ActiveCfg = Release|Any CPU
		{CE497481-DC7F-4976-A8DF-29E59C49BC9F}.Release|Any CPU.Build.0 = Release|Any CPU
	EndGlobalSection
	GlobalSection(SolutionProperties) = preSolution
		HideSolutionNode = FALSE
	EndGlobalSection
	GlobalSection(ExtensibilityGlobals) = postSolution
		SolutionGuid = {F7DE4C69-8BE2-4848-A98D-73FACB3C5FCC}
	EndGlobalSection
EndGlobal
